
Microsoft Visual Studio Solution File, Format Version 12.00
# Visual Studio Version 17
VisualStudioVersion = 17.14.36202.13 d17.14
MinimumVisualStudioVersion = 10.0.40219.1
Project("{8BC9CEB8-8B4A-11D0-8D11-00A0C91BC942}") = "WindowsProject1", "WindowsProject1\WindowsProject1.vcxproj", "{D80060E8-3060-4A01-8A88-F040DD3B58E2}"
EndProject
Global
	GlobalSection(SolutionConfigurationPlatforms) = preSolution
		Debug|x64 = Debug|x64
		Debug|x86 = Debug|x86
		Release|x64 = Release|x64
		Release|x86 = Release|x86
	EndGlobalSection
	GlobalSection(ProjectConfigurationPlatforms) = postSolution
		{D80060E8-3060-4A01-8A88-F040DD3B58E2}.Debug|x64.ActiveCfg = Debug|x64
		{D80060E8-3060-4A01-8A88-F040DD3B58E2}.Debug|x64.Build.0 = Debug|x64
		{D80060E8-3060-4A01-8A88-F040DD3B58E2}.Debug|x86.ActiveCfg = Debug|Win32
		{D80060E8-3060-4A01-8A88-F040DD3B58E2}.Debug|x86.Build.0 = Debug|Win32
		{D80060E8-3060-4A01-8A88-F040DD3B58E2}.Release|x64.ActiveCfg = Release|x64
		{D80060E8-3060-4A01-8A88-F040DD3B58E2}.Release|x64.Build.0 = Release|x64
		{D80060E8-3060-4A01-8A88-F040DD3B58E2}.Release|x86.ActiveCfg = Release|Win32
		{D80060E8-3060-4A01-8A88-F040DD3B58E2}.Release|x86.Build.0 = Release|Win32
	EndGlobalSection
	GlobalSection(SolutionProperties) = preSolution
		HideSolutionNode = FALSE
	EndGlobalSection
	GlobalSection(ExtensibilityGlobals) = postSolution
		SolutionGuid = {F158C31B-4417-4CF2-B388-6CC5530B7265}
	EndGlobalSection
EndGlobal
